
Microsoft Visual Studio Solution File, Format Version 12.00
# Visual Studio 14
VisualStudioVersion = 14.0.25420.1
MinimumVisualStudioVersion = 10.0.40219.1
Project("{8BC9CEB8-8B4A-11D0-8D11-00A0C91BC942}") = "vector", "vector\vector.vcxproj", "{D4E5F133-6D16-4AEA-952B-9518CED30116}"
EndProject
Project("{8BC9CEB8-8B4A-11D0-8D11-00A0C91BC942}") = "test", "test\test.vcxproj", "{B2C79D70-5E12-4EFC-ABB0-4D8B18BD564B}"
EndProject
Global
	GlobalSection(SolutionConfigurationPlatforms) = preSolution
		Debug|x64 = Debug|x64
		Debug|x86 = Debug|x86
		Release|x64 = Release|x64
		Release|x86 = Release|x86
	EndGlobalSection
	GlobalSection(ProjectConfigurationPlatforms) = postSolution
		{D4E5F133-6D16-4AEA-952B-9518CED30116}.Debug|x64.ActiveCfg = Debug|x64
		{D4E5F133-6D16-4AEA-952B-9518CED30116}.Debug|x64.Build.0 = Debug|x64
		{D4E5F133-6D16-4AEA-952B-9518CED30116}.Debug|x86.ActiveCfg = Debug|Win32
		{D4E5F133-6D16-4AEA-952B-9518CED30116}.Debug|x86.Build.0 = Debug|Win32
		{D4E5F133-6D16-4AEA-952B-9518CED30116}.Release|x64.ActiveCfg = Release|x64
		{D4E5F133-6D16-4AEA-952B-9518CED30116}.Release|x64.Build.0 = Release|x64
		{D4E5F133-6D16-4AEA-952B-9518CED30116}.Release|x86.ActiveCfg = Release|Win32
		{D4E5F133-6D16-4AEA-952B-9518CED30116}.Release|x86.Build.0 = Release|Win32
		{B2C79D70-5E12-4EFC-ABB0-4D8B18BD564B}.Debug|x64.ActiveCfg = Debug|x64
		{B2C79D70-5E12-4EFC-ABB0-4D8B18BD564B}.Debug|x64.Build.0 = Debug|x64
		{B2C79D70-5E12-4EFC-ABB0-4D8B18BD564B}.Debug|x86.ActiveCfg = Debug|Win32
		{B2C79D70-5E12-4EFC-ABB0-4D8B18BD564B}.Debug|x86.Build.0 = Debug|Win32
		{B2C79D70-5E12-4EFC-ABB0-4D8B18BD564B}.Release|x64.ActiveCfg = Release|x64
		{B2C79D70-5E12-4EFC-ABB0-4D8B18BD564B}.Release|x64.Build.0 = Release|x64
		{B2C79D70-5E12-4EFC-ABB0-4D8B18BD564B}.Release|x86.ActiveCfg = Release|Win32
		{B2C79D70-5E12-4EFC-ABB0-4D8B18BD564B}.Release|x86.Build.0 = Release|Win32
	EndGlobalSection
	GlobalSection(SolutionProperties) = preSolution
		HideSolutionNode = FALSE
	EndGlobalSection
EndGlobal
